dependencies:
  espressif/onewire_bus:
    component_hash: null
    source:
      path: C:\Users\lavco\OneDrive\Documents\PlatformIO\Projects\ESP32-S3_ESP-IDF_COMPONENTS\components\peripherals
      type: local
    version: '*'
  idf:
    component_hash: null
    source:
      type: idf
    version: 5.4.0
  k0i05/esp_time_into_interval:
    component_hash: null
    source:
      path: C:\Users\lavco\OneDrive\Documents\PlatformIO\Projects\ESP32-S3_ESP-IDF_COMPONENTS\components\schedule\esp_time_into_interval
      type: local
    version: 1.2.6
  k0i05/esp_type_utils:
    component_hash: null
    source:
      path: C:\Users\lavco\OneDrive\Documents\PlatformIO\Projects\ESP32-S3_ESP-IDF_COMPONENTS\components\peripherals
      type: local
    version: '*'
manifest_hash: 5a806b172acfb02eb09de908a8bc373cd9fff677e916d8b96c2705fbbf07e13e
target: esp32s3
version: 1.0.0
